
Microsoft Visual Studio Solution File, Format Version 12.00
# Visual Studio Version 17
VisualStudioVersion = 17.14.36414.22 d17.14
MinimumVisualStudioVersion = 10.0.40219.1
Project("{FAE04EC0-301F-11D3-BF4B-00C04F79EFBC}") = "CEHRMS", "CEHRMS.csproj", "{66D45F3C-D083-4C0F-B4FD-95DBA5120295}"
EndProject
Global
	GlobalSection(SolutionConfigurationPlatforms) = preSolution
		Debug|Any CPU = Debug|Any CPU
		Release|Any CPU = Release|Any CPU
	EndGlobalSection
	GlobalSection(ProjectConfigurationPlatforms) = postSolution
		{66D45F3C-D083-4C0F-B4FD-95DBA5120295}.Debug|Any CPU.ActiveCfg = Debug|Any CPU
		{66D45F3C-D083-4C0F-B4FD-95DBA5120295}.Debug|Any CPU.Build.0 = Debug|Any CPU
		{66D45F3C-D083-4C0F-B4FD-95DBA5120295}.Release|Any CPU.ActiveCfg = Release|Any CPU
		{66D45F3C-D083-4C0F-B4FD-95DBA5120295}.Release|Any CPU.Build.0 = Release|Any CPU
	EndGlobalSection
	GlobalSection(SolutionProperties) = preSolution
		HideSolutionNode = FALSE
	EndGlobalSection
	GlobalSection(ExtensibilityGlobals) = postSolution
		SolutionGuid = {47EB3129-51E3-40FD-8F40-0ED7755EEB4C}
	EndGlobalSection
EndGlobal
